
Microsoft Visual Studio Solution File, Format Version 11.00
# Visual Studio 2010
Project("{F184B08F-C81C-45F6-A57F-5ABD9991F28F}") = "WindowsApplication1", "WindowsApplication1\WindowsApplication1.vbproj", "{C39B67E4-94F3-453B-AFC3-85ADC45BB118}"
EndProject
Global
	GlobalSection(SolutionConfigurationPlatforms) = preSolution
		Debug|x86 = Debug|x86
		Release|x86 = Release|x86
	EndGlobalSection
	GlobalSection(ProjectConfigurationPlatforms) = postSolution
		{C39B67E4-94F3-453B-AFC3-85ADC45BB118}.Debug|x86.ActiveCfg = Debug|x86
		{C39B67E4-94F3-453B-AFC3-85ADC45BB118}.Debug|x86.Build.0 = Debug|x86
		{C39B67E4-94F3-453B-AFC3-85ADC45BB118}.Release|x86.ActiveCfg = Release|x86
		{C39B67E4-94F3-453B-AFC3-85ADC45BB118}.Release|x86.Build.0 = Release|x86
	EndGlobalSection
	GlobalSection(SolutionProperties) = preSolution
		HideSolutionNode = FALSE
	EndGlobalSection
EndGlobal
