
Microsoft Visual Studio Solution File, Format Version 11.00
# Visual Studio 2010
Project("{F184B08F-C81C-45F6-A57F-5ABD9991F28F}") = "name", "name\name.vbproj", "{43E7C910-4442-4750-A8A1-A01D43502C72}"
EndProject
Global
	GlobalSection(SolutionConfigurationPlatforms) = preSolution
		Debug|x86 = Debug|x86
		Release|x86 = Release|x86
	EndGlobalSection
	GlobalSection(ProjectConfigurationPlatforms) = postSolution
		{43E7C910-4442-4750-A8A1-A01D43502C72}.Debug|x86.ActiveCfg = Debug|x86
		{43E7C910-4442-4750-A8A1-A01D43502C72}.Debug|x86.Build.0 = Debug|x86
		{43E7C910-4442-4750-A8A1-A01D43502C72}.Release|x86.ActiveCfg = Release|x86
		{43E7C910-4442-4750-A8A1-A01D43502C72}.Release|x86.Build.0 = Release|x86
	EndGlobalSection
	GlobalSection(SolutionProperties) = preSolution
		HideSolutionNode = FALSE
	EndGlobalSection
EndGlobal
